
Microsoft Visual Studio Solution File, Format Version 12.00
# Visual Studio Version 17
VisualStudioVersion = 17.0.31903.59
MinimumVisualStudioVersion = 10.0.40219.1
Project("{FAE04EC0-301F-11D3-BF4B-00C04F79EFBC}") = "ShoesShop", "ShoesShop.csproj", "{988E8504-1D87-4B04-80AF-CE042EE225CA}"
EndProject
Global
	GlobalSection(SolutionConfigurationPlatforms) = preSolution
		Debug|Any CPU = Debug|Any CPU
		Release|Any CPU = Release|Any CPU
	EndGlobalSection
	GlobalSection(ProjectConfigurationPlatforms) = postSolution
		{988E8504-1D87-4B04-80AF-CE042EE225CA}.Debug|Any CPU.ActiveCfg = Debug|Any CPU
		{988E8504-1D87-4B04-80AF-CE042EE225CA}.Debug|Any CPU.Build.0 = Debug|Any CPU
		{988E8504-1D87-4B04-80AF-CE042EE225CA}.Release|Any CPU.ActiveCfg = Release|Any CPU
		{988E8504-1D87-4B04-80AF-CE042EE225CA}.Release|Any CPU.Build.0 = Release|Any CPU
	EndGlobalSection
	GlobalSection(SolutionProperties) = preSolution
		HideSolutionNode = FALSE
	EndGlobalSection
	GlobalSection(ExtensibilityGlobals) = postSolution
		SolutionGuid = {6A6FFBC7-6320-469F-9C25-DBA519E73144}
	EndGlobalSection
EndGlobal
